
Microsoft Visual Studio Solution File, Format Version 12.00
# Visual Studio Version 17
VisualStudioVersion = 17.3.32901.215
MinimumVisualStudioVersion = 10.0.40219.1
Project("{FAE04EC0-301F-11D3-BF4B-00C04F79EFBC}") = "WPF App", "WPF App.csproj", "{31E35B46-FC7D-467E-B573-119EB69A3745}"
EndProject
Global
	GlobalSection(SolutionConfigurationPlatforms) = preSolution
		Debug|Any CPU = Debug|Any CPU
		Release|Any CPU = Release|Any CPU
	EndGlobalSection
	GlobalSection(ProjectConfigurationPlatforms) = postSolution
		{31E35B46-FC7D-467E-B573-119EB69A3745}.Debug|Any CPU.ActiveCfg = Debug|Any CPU
		{31E35B46-FC7D-467E-B573-119EB69A3745}.Debug|Any CPU.Build.0 = Debug|Any CPU
		{31E35B46-FC7D-467E-B573-119EB69A3745}.Release|Any CPU.ActiveCfg = Release|Any CPU
		{31E35B46-FC7D-467E-B573-119EB69A3745}.Release|Any CPU.Build.0 = Release|Any CPU
	EndGlobalSection
	GlobalSection(SolutionProperties) = preSolution
		HideSolutionNode = FALSE
	EndGlobalSection
	GlobalSection(ExtensibilityGlobals) = postSolution
		SolutionGuid = {4DDF81CF-5E10-4D98-A043-2E65D87ABBD0}
	EndGlobalSection
EndGlobal
