
Microsoft Visual Studio Solution File, Format Version 12.00
# Visual Studio Version 17
VisualStudioVersion = 17.3.32901.215
MinimumVisualStudioVersion = 10.0.40219.1
Project("{9A19103F-16F7-4668-BE54-9A1E7A4F7556}") = "Bai1", "Bai_tap_co_ban\Bai1.csproj", "{AF11789A-0026-4689-B4A4-8CB219E5C1AB}"
EndProject
Project("{9A19103F-16F7-4668-BE54-9A1E7A4F7556}") = "Bai2", "Bai2\Bai2.csproj", "{E65BA577-EE64-4662-8FEB-FEEDDBC20ED1}"
EndProject
Project("{9A19103F-16F7-4668-BE54-9A1E7A4F7556}") = "Bai3", "Bai3\Bai3.csproj", "{8E10392C-3FE1-4A85-AF14-8BD5D091FB57}"
EndProject
Project("{9A19103F-16F7-4668-BE54-9A1E7A4F7556}") = "Bai4", "Bai4\Bai4.csproj", "{ADEF65E8-07FB-45F7-8A04-9CF67B3280B7}"
EndProject
Project("{9A19103F-16F7-4668-BE54-9A1E7A4F7556}") = "Bai5", "Bai5\Bai5.csproj", "{FE9C4057-30B1-4079-888E-21097413F846}"
EndProject
Project("{9A19103F-16F7-4668-BE54-9A1E7A4F7556}") = "Bai6", "Bai6\Bai6.csproj", "{E172E966-9842-4A32-A145-F790130D5DBC}"
EndProject
Project("{9A19103F-16F7-4668-BE54-9A1E7A4F7556}") = "Bai7", "Bai7\Bai7.csproj", "{83F0E62E-D194-46C4-8D7A-847F507581E0}"
EndProject
Project("{9A19103F-16F7-4668-BE54-9A1E7A4F7556}") = "Bai8", "Bai8\Bai8.csproj", "{5A7EE733-1FB8-4E7A-B82B-86ABD801E32F}"
EndProject
Project("{9A19103F-16F7-4668-BE54-9A1E7A4F7556}") = "Bai9", "Bai9\Bai9.csproj", "{91A07311-27EA-4803-BA22-390182D2A872}"
EndProject
Project("{9A19103F-16F7-4668-BE54-9A1E7A4F7556}") = "Bai10", "Bai10\Bai10.csproj", "{F14756EF-09A8-4742-9555-2FE25BA783F3}"
EndProject
Project("{9A19103F-16F7-4668-BE54-9A1E7A4F7556}") = "Bai11", "Bai11\Bai11.csproj", "{ABE2987B-809F-4566-8A6C-BA26AE3139C8}"
EndProject
Project("{9A19103F-16F7-4668-BE54-9A1E7A4F7556}") = "Bai12", "Bai12\Bai12.csproj", "{33925160-3E3E-42A4-817A-B152450FD68F}"
EndProject
Project("{9A19103F-16F7-4668-BE54-9A1E7A4F7556}") = "Bai13", "Bai13\Bai13.csproj", "{8253CA49-5810-4440-9D3F-29F0C1305CE1}"
EndProject
Project("{9A19103F-16F7-4668-BE54-9A1E7A4F7556}") = "Bai14", "Bai14\Bai14.csproj", "{A84357E7-EC6A-4A10-BB20-D56F8985F591}"
EndProject
Project("{9A19103F-16F7-4668-BE54-9A1E7A4F7556}") = "Bai15", "Bai15\Bai15.csproj", "{98F00CA7-CB45-49D6-802D-CD84A3E58443}"
EndProject
Project("{FAE04EC0-301F-11D3-BF4B-00C04F79EFBC}") = "Bai16", "Bai16\Bai16.csproj", "{C9668F9D-05AB-4005-92C2-7DA2837D2739}"
EndProject
Project("{FAE04EC0-301F-11D3-BF4B-00C04F79EFBC}") = "Bai17", "Bai17\Bai17.csproj", "{F5E0CA59-7AAC-40AF-9FC3-66C742B7DA48}"
EndProject
Project("{FAE04EC0-301F-11D3-BF4B-00C04F79EFBC}") = "Bai18", "Bai18\Bai18.csproj", "{E3DC53C9-8D7D-46D7-A06D-3ADA2DF89469}"
EndProject
Project("{FAE04EC0-301F-11D3-BF4B-00C04F79EFBC}") = "Bai19", "Bai19\Bai19.csproj", "{474FE78C-2EB2-450F-99B9-B4406AE5BA2B}"
EndProject
Project("{FAE04EC0-301F-11D3-BF4B-00C04F79EFBC}") = "Bai20", "Bai20\Bai20.csproj", "{848A30F9-A728-40CD-B668-6BFC1385BD05}"
EndProject
Global
	GlobalSection(SolutionConfigurationPlatforms) = preSolution
		Debug|Any CPU = Debug|Any CPU
		Release|Any CPU = Release|Any CPU
	EndGlobalSection
	GlobalSection(ProjectConfigurationPlatforms) = postSolution
		{AF11789A-0026-4689-B4A4-8CB219E5C1AB}.Debug|Any CPU.ActiveCfg = Debug|Any CPU
		{AF11789A-0026-4689-B4A4-8CB219E5C1AB}.Debug|Any CPU.Build.0 = Debug|Any CPU
		{AF11789A-0026-4689-B4A4-8CB219E5C1AB}.Release|Any CPU.ActiveCfg = Release|Any CPU
		{AF11789A-0026-4689-B4A4-8CB219E5C1AB}.Release|Any CPU.Build.0 = Release|Any CPU
		{E65BA577-EE64-4662-8FEB-FEEDDBC20ED1}.Debug|Any CPU.ActiveCfg = Debug|Any CPU
		{E65BA577-EE64-4662-8FEB-FEEDDBC20ED1}.Debug|Any CPU.Build.0 = Debug|Any CPU
		{E65BA577-EE64-4662-8FEB-FEEDDBC20ED1}.Release|Any CPU.ActiveCfg = Release|Any CPU
		{E65BA577-EE64-4662-8FEB-FEEDDBC20ED1}.Release|Any CPU.Build.0 = Release|Any CPU
		{8E10392C-3FE1-4A85-AF14-8BD5D091FB57}.Debug|Any CPU.ActiveCfg = Debug|Any CPU
		{8E10392C-3FE1-4A85-AF14-8BD5D091FB57}.Debug|Any CPU.Build.0 = Debug|Any CPU
		{8E10392C-3FE1-4A85-AF14-8BD5D091FB57}.Release|Any CPU.ActiveCfg = Release|Any CPU
		{8E10392C-3FE1-4A85-AF14-8BD5D091FB57}.Release|Any CPU.Build.0 = Release|Any CPU
		{ADEF65E8-07FB-45F7-8A04-9CF67B3280B7}.Debug|Any CPU.ActiveCfg = Debug|Any CPU
		{ADEF65E8-07FB-45F7-8A04-9CF67B3280B7}.Debug|Any CPU.Build.0 = Debug|Any CPU
		{ADEF65E8-07FB-45F7-8A04-9CF67B3280B7}.Release|Any CPU.ActiveCfg = Release|Any CPU
		{ADEF65E8-07FB-45F7-8A04-9CF67B3280B7}.Release|Any CPU.Build.0 = Release|Any CPU
		{FE9C4057-30B1-4079-888E-21097413F846}.Debug|Any CPU.ActiveCfg = Debug|Any CPU
		{FE9C4057-30B1-4079-888E-21097413F846}.Debug|Any CPU.Build.0 = Debug|Any CPU
		{FE9C4057-30B1-4079-888E-21097413F846}.Release|Any CPU.ActiveCfg = Release|Any CPU
		{FE9C4057-30B1-4079-888E-21097413F846}.Release|Any CPU.Build.0 = Release|Any CPU
		{E172E966-9842-4A32-A145-F790130D5DBC}.Debug|Any CPU.ActiveCfg = Debug|Any CPU
		{E172E966-9842-4A32-A145-F790130D5DBC}.Debug|Any CPU.Build.0 = Debug|Any CPU
		{E172E966-9842-4A32-A145-F790130D5DBC}.Release|Any CPU.ActiveCfg = Release|Any CPU
		{E172E966-9842-4A32-A145-F790130D5DBC}.Release|Any CPU.Build.0 = Release|Any CPU
		{83F0E62E-D194-46C4-8D7A-847F507581E0}.Debug|Any CPU.ActiveCfg = Debug|Any CPU
		{83F0E62E-D194-46C4-8D7A-847F507581E0}.Debug|Any CPU.Build.0 = Debug|Any CPU
		{83F0E62E-D194-46C4-8D7A-847F507581E0}.Release|Any CPU.ActiveCfg = Release|Any CPU
		{83F0E62E-D194-46C4-8D7A-847F507581E0}.Release|Any CPU.Build.0 = Release|Any CPU
		{5A7EE733-1FB8-4E7A-B82B-86ABD801E32F}.Debug|Any CPU.ActiveCfg = Debug|Any CPU
		{5A7EE733-1FB8-4E7A-B82B-86ABD801E32F}.Debug|Any CPU.Build.0 = Debug|Any CPU
		{5A7EE733-1FB8-4E7A-B82B-86ABD801E32F}.Release|Any CPU.ActiveCfg = Release|Any CPU
		{5A7EE733-1FB8-4E7A-B82B-86ABD801E32F}.Release|Any CPU.Build.0 = Release|Any CPU
		{91A07311-27EA-4803-BA22-390182D2A872}.Debug|Any CPU.ActiveCfg = Debug|Any CPU
		{91A07311-27EA-4803-BA22-390182D2A872}.Debug|Any CPU.Build.0 = Debug|Any CPU
		{91A07311-27EA-4803-BA22-390182D2A872}.Release|Any CPU.ActiveCfg = Release|Any CPU
		{91A07311-27EA-4803-BA22-390182D2A872}.Release|Any CPU.Build.0 = Release|Any CPU
		{F14756EF-09A8-4742-9555-2FE25BA783F3}.Debug|Any CPU.ActiveCfg = Debug|Any CPU
		{F14756EF-09A8-4742-9555-2FE25BA783F3}.Debug|Any CPU.Build.0 = Debug|Any CPU
		{F14756EF-09A8-4742-9555-2FE25BA783F3}.Release|Any CPU.ActiveCfg = Release|Any CPU
		{F14756EF-09A8-4742-9555-2FE25BA783F3}.Release|Any CPU.Build.0 = Release|Any CPU
		{ABE2987B-809F-4566-8A6C-BA26AE3139C8}.Debug|Any CPU.ActiveCfg = Debug|Any CPU
		{ABE2987B-809F-4566-8A6C-BA26AE3139C8}.Debug|Any CPU.Build.0 = Debug|Any CPU
		{ABE2987B-809F-4566-8A6C-BA26AE3139C8}.Release|Any CPU.ActiveCfg = Release|Any CPU
		{ABE2987B-809F-4566-8A6C-BA26AE3139C8}.Release|Any CPU.Build.0 = Release|Any CPU
		{33925160-3E3E-42A4-817A-B152450FD68F}.Debug|Any CPU.ActiveCfg = Debug|Any CPU
		{33925160-3E3E-42A4-817A-B152450FD68F}.Debug|Any CPU.Build.0 = Debug|Any CPU
		{33925160-3E3E-42A4-817A-B152450FD68F}.Release|Any CPU.ActiveCfg = Release|Any CPU
		{33925160-3E3E-42A4-817A-B152450FD68F}.Release|Any CPU.Build.0 = Release|Any CPU
		{8253CA49-5810-4440-9D3F-29F0C1305CE1}.Debug|Any CPU.ActiveCfg = Debug|Any CPU
		{8253CA49-5810-4440-9D3F-29F0C1305CE1}.Debug|Any CPU.Build.0 = Debug|Any CPU
		{8253CA49-5810-4440-9D3F-29F0C1305CE1}.Release|Any CPU.ActiveCfg = Release|Any CPU
		{8253CA49-5810-4440-9D3F-29F0C1305CE1}.Release|Any CPU.Build.0 = Release|Any CPU
		{A84357E7-EC6A-4A10-BB20-D56F8985F591}.Debug|Any CPU.ActiveCfg = Debug|Any CPU
		{A84357E7-EC6A-4A10-BB20-D56F8985F591}.Debug|Any CPU.Build.0 = Debug|Any CPU
		{A84357E7-EC6A-4A10-BB20-D56F8985F591}.Release|Any CPU.ActiveCfg = Release|Any CPU
		{A84357E7-EC6A-4A10-BB20-D56F8985F591}.Release|Any CPU.Build.0 = Release|Any CPU
		{98F00CA7-CB45-49D6-802D-CD84A3E58443}.Debug|Any CPU.ActiveCfg = Debug|Any CPU
		{98F00CA7-CB45-49D6-802D-CD84A3E58443}.Debug|Any CPU.Build.0 = Debug|Any CPU
		{98F00CA7-CB45-49D6-802D-CD84A3E58443}.Release|Any CPU.ActiveCfg = Release|Any CPU
		{98F00CA7-CB45-49D6-802D-CD84A3E58443}.Release|Any CPU.Build.0 = Release|Any CPU
		{C9668F9D-05AB-4005-92C2-7DA2837D2739}.Debug|Any CPU.ActiveCfg = Debug|Any CPU
		{C9668F9D-05AB-4005-92C2-7DA2837D2739}.Debug|Any CPU.Build.0 = Debug|Any CPU
		{C9668F9D-05AB-4005-92C2-7DA2837D2739}.Release|Any CPU.ActiveCfg = Release|Any CPU
		{C9668F9D-05AB-4005-92C2-7DA2837D2739}.Release|Any CPU.Build.0 = Release|Any CPU
		{F5E0CA59-7AAC-40AF-9FC3-66C742B7DA48}.Debug|Any CPU.ActiveCfg = Debug|Any CPU
		{F5E0CA59-7AAC-40AF-9FC3-66C742B7DA48}.Debug|Any CPU.Build.0 = Debug|Any CPU
		{F5E0CA59-7AAC-40AF-9FC3-66C742B7DA48}.Release|Any CPU.ActiveCfg = Release|Any CPU
		{F5E0CA59-7AAC-40AF-9FC3-66C742B7DA48}.Release|Any CPU.Build.0 = Release|Any CPU
		{E3DC53C9-8D7D-46D7-A06D-3ADA2DF89469}.Debug|Any CPU.ActiveCfg = Debug|Any CPU
		{E3DC53C9-8D7D-46D7-A06D-3ADA2DF89469}.Debug|Any CPU.Build.0 = Debug|Any CPU
		{E3DC53C9-8D7D-46D7-A06D-3ADA2DF89469}.Release|Any CPU.ActiveCfg = Release|Any CPU
		{E3DC53C9-8D7D-46D7-A06D-3ADA2DF89469}.Release|Any CPU.Build.0 = Release|Any CPU
		{474FE78C-2EB2-450F-99B9-B4406AE5BA2B}.Debug|Any CPU.ActiveCfg = Debug|Any CPU
		{474FE78C-2EB2-450F-99B9-B4406AE5BA2B}.Debug|Any CPU.Build.0 = Debug|Any CPU
		{474FE78C-2EB2-450F-99B9-B4406AE5BA2B}.Release|Any CPU.ActiveCfg = Release|Any CPU
		{474FE78C-2EB2-450F-99B9-B4406AE5BA2B}.Release|Any CPU.Build.0 = Release|Any CPU
		{848A30F9-A728-40CD-B668-6BFC1385BD05}.Debug|Any CPU.ActiveCfg = Debug|Any CPU
		{848A30F9-A728-40CD-B668-6BFC1385BD05}.Debug|Any CPU.Build.0 = Debug|Any CPU
		{848A30F9-A728-40CD-B668-6BFC1385BD05}.Release|Any CPU.ActiveCfg = Release|Any CPU
		{848A30F9-A728-40CD-B668-6BFC1385BD05}.Release|Any CPU.Build.0 = Release|Any CPU
	EndGlobalSection
	GlobalSection(SolutionProperties) = preSolution
		HideSolutionNode = FALSE
	EndGlobalSection
	GlobalSection(ExtensibilityGlobals) = postSolution
		SolutionGuid = {AF8D9A35-B905-4D71-9362-242F5F386C64}
	EndGlobalSection
EndGlobal
